
Microsoft Visual Studio Solution File, Format Version 11.00
# Visual Studio 2010
# SharpDevelop 5.1
Project("{FAE04EC0-301F-11D3-BF4B-00C04F79EFBC}") = "SquaresMoving", "SquaresMoving\SquaresMoving.csproj", "{BD5AE54D-003B-409C-8629-49739FB56897}"
EndProject
Global
	GlobalSection(SolutionConfigurationPlatforms) = preSolution
		Debug|Any CPU = Debug|Any CPU
		Release|Any CPU = Release|Any CPU
	EndGlobalSection
	GlobalSection(ProjectConfigurationPlatforms) = postSolution
		{BD5AE54D-003B-409C-8629-49739FB56897}.Debug|Any CPU.ActiveCfg = Debug|Any CPU
		{BD5AE54D-003B-409C-8629-49739FB56897}.Debug|Any CPU.Build.0 = Debug|Any CPU
		{BD5AE54D-003B-409C-8629-49739FB56897}.Release|Any CPU.ActiveCfg = Release|Any CPU
		{BD5AE54D-003B-409C-8629-49739FB56897}.Release|Any CPU.Build.0 = Release|Any CPU
	EndGlobalSection
EndGlobal
